// !$*UTF8*$!
{
	archiveVersion = 1;
	classes = {
	};
	objectVersion = 77;
	objects = {

/* Begin PBXBuildFile section */
		CE03A0BC2CE9012D006884EE /* udscs.c in Sources */ = {isa = PBXBuildFile; fileRef = CE03A0B62CE900A0006884EE /* udscs.c */; };
		CE03A0BD2CE9012D006884EE /* vdagent-connection.c in Sources */ = {isa = PBXBuildFile; fileRef = CE03A0B82CE900A0006884EE /* vdagent-connection.c */; };
		CE03A0C02CE9039B006884EE /* dummy-session-info.c in Sources */ = {isa = PBXBuildFile; fileRef = CE03A0A92CE900A0006884EE /* dummy-session-info.c */; };
		CE03A0C22CE90428006884EE /* virtio-port.c in Sources */ = {isa = PBXBuildFile; fileRef = CE03A0B02CE900A0006884EE /* virtio-port.c */; };
		CE03A0C32CE90428006884EE /* vdagentd.c in Sources */ = {isa = PBXBuildFile; fileRef = CE03A0AE2CE900A0006884EE /* vdagentd.c */; };
		CE03A0C82CE904D3006884EE /* libgio-2.0.a in Frameworks */ = {isa = PBXBuildFile; fileRef = CE03A0C52CE904C4006884EE /* libgio-2.0.a */; };
		CE03A0C92CE904D4006884EE /* libglib-2.0.a in Frameworks */ = {isa = PBXBuildFile; fileRef = CE03A0C62CE904C4006884EE /* libglib-2.0.a */; };
		CE03A0CC2CE90506006884EE /* libgobject-2.0.a in Frameworks */ = {isa = PBXBuildFile; fileRef = CE03A0CB2CE904EA006884EE /* libgobject-2.0.a */; };
		CE03A0E72CE90CFC006884EE /* Vdagent.swift in Sources */ = {isa = PBXBuildFile; fileRef = CE03A0E62CE90CFC006884EE /* Vdagent.swift */; };
		CE03A0E82CE90CFC006884EE /* vdagent.c in Sources */ = {isa = PBXBuildFile; fileRef = CE03A0E52CE90CFC006884EE /* vdagent.c */; };
		CE03A0EA2CE90D38006884EE /* udscs.c in Sources */ = {isa = PBXBuildFile; fileRef = CE03A0B62CE900A0006884EE /* udscs.c */; };
		CE03A0ED2CE90D55006884EE /* ArgumentParser in Frameworks */ = {isa = PBXBuildFile; productRef = CE03A0EC2CE90D55006884EE /* ArgumentParser */; };
		CE03A0EE2CE97927006884EE /* vdagent-connection.c in Sources */ = {isa = PBXBuildFile; fileRef = CE03A0B82CE900A0006884EE /* vdagent-connection.c */; };
		CE03A0EF2CE97931006884EE /* libgio-2.0.a in Frameworks */ = {isa = PBXBuildFile; fileRef = CE03A0C52CE904C4006884EE /* libgio-2.0.a */; };
		CE03A0F02CE97933006884EE /* libglib-2.0.a in Frameworks */ = {isa = PBXBuildFile; fileRef = CE03A0C62CE904C4006884EE /* libglib-2.0.a */; };
		CE03A0F12CE97936006884EE /* libgobject-2.0.a in Frameworks */ = {isa = PBXBuildFile; fileRef = CE03A0CB2CE904EA006884EE /* libgobject-2.0.a */; };
/* End PBXBuildFile section */

/* Begin PBXCopyFilesBuildPhase section */
		CE03A0882CE90065006884EE /* CopyFiles */ = {
			isa = PBXCopyFilesBuildPhase;
			buildActionMask = 2147483647;
			dstPath = /usr/share/man/man1/;
			dstSubfolderSpec = 0;
			files = (
			);
			runOnlyForDeploymentPostprocessing = 1;
		};
/* End PBXCopyFilesBuildPhase section */

/* Begin PBXFileReference section */
		CE03A08A2CE90065006884EE /* spice-vdagentd */ = {isa = PBXFileReference; explicitFileType = "compiled.mach-o.executable"; includeInIndex = 0; path = "spice-vdagentd"; sourceTree = BUILT_PRODUCTS_DIR; };
		CE03A0A92CE900A0006884EE /* dummy-session-info.c */ = {isa = PBXFileReference; lastKnownFileType = sourcecode.c.c; path = "dummy-session-info.c"; sourceTree = "<group>"; };
		CE03A0AA2CE900A0006884EE /* session-info.h */ = {isa = PBXFileReference; lastKnownFileType = sourcecode.c.h; path = "session-info.h"; sourceTree = "<group>"; };
		CE03A0AE2CE900A0006884EE /* vdagentd.c */ = {isa = PBXFileReference; lastKnownFileType = sourcecode.c.c; path = vdagentd.c; sourceTree = "<group>"; };
		CE03A0AF2CE900A0006884EE /* virtio-port.h */ = {isa = PBXFileReference; lastKnownFileType = sourcecode.c.h; path = "virtio-port.h"; sourceTree = "<group>"; };
		CE03A0B02CE900A0006884EE /* virtio-port.c */ = {isa = PBXFileReference; lastKnownFileType = sourcecode.c.c; path = "virtio-port.c"; sourceTree = "<group>"; };
		CE03A0B42CE900A0006884EE /* config.h.in */ = {isa = PBXFileReference; lastKnownFileType = text; path = config.h.in; sourceTree = "<group>"; };
		CE03A0B52CE900A0006884EE /* udscs.h */ = {isa = PBXFileReference; lastKnownFileType = sourcecode.c.h; path = udscs.h; sourceTree = "<group>"; };
		CE03A0B62CE900A0006884EE /* udscs.c */ = {isa = PBXFileReference; lastKnownFileType = sourcecode.c.c; path = udscs.c; sourceTree = "<group>"; };
		CE03A0B72CE900A0006884EE /* vdagent-connection.h */ = {isa = PBXFileReference; lastKnownFileType = sourcecode.c.h; path = "vdagent-connection.h"; sourceTree = "<group>"; };
		CE03A0B82CE900A0006884EE /* vdagent-connection.c */ = {isa = PBXFileReference; lastKnownFileType = sourcecode.c.c; path = "vdagent-connection.c"; sourceTree = "<group>"; };
		CE03A0B92CE900A0006884EE /* vdagentd-proto.h */ = {isa = PBXFileReference; lastKnownFileType = sourcecode.c.h; path = "vdagentd-proto.h"; sourceTree = "<group>"; };
		CE03A0BA2CE900A0006884EE /* vdagentd-proto-strings.h */ = {isa = PBXFileReference; lastKnownFileType = sourcecode.c.h; path = "vdagentd-proto-strings.h"; sourceTree = "<group>"; };
		CE03A0BE2CE9036C006884EE /* config.h */ = {isa = PBXFileReference; lastKnownFileType = sourcecode.c.h; path = config.h; sourceTree = "<group>"; };
		CE03A0C52CE904C4006884EE /* libgio-2.0.a */ = {isa = PBXFileReference; lastKnownFileType = archive.ar; name = "libgio-2.0.a"; path = "/opt/homebrew/lib/libgio-2.0.a"; sourceTree = "<absolute>"; };
		CE03A0C62CE904C4006884EE /* libglib-2.0.a */ = {isa = PBXFileReference; lastKnownFileType = archive.ar; name = "libglib-2.0.a"; path = "/opt/homebrew/lib/libglib-2.0.a"; sourceTree = "<absolute>"; };
		CE03A0CB2CE904EA006884EE /* libgobject-2.0.a */ = {isa = PBXFileReference; lastKnownFileType = archive.ar; name = "libgobject-2.0.a"; path = "/opt/homebrew/lib/libgobject-2.0.a"; sourceTree = "<absolute>"; };
		CE03A0DD2CE90CE8006884EE /* spice-vdagent */ = {isa = PBXFileReference; explicitFileType = "compiled.mach-o.executable"; includeInIndex = 0; path = "spice-vdagent"; sourceTree = BUILT_PRODUCTS_DIR; };
		CE03A0E42CE90CFC006884EE /* vdagent.h */ = {isa = PBXFileReference; lastKnownFileType = sourcecode.c.h; path = vdagent.h; sourceTree = "<group>"; };
		CE03A0E52CE90CFC006884EE /* vdagent.c */ = {isa = PBXFileReference; lastKnownFileType = sourcecode.c.c; path = vdagent.c; sourceTree = "<group>"; };
		CE03A0E62CE90CFC006884EE /* Vdagent.swift */ = {isa = PBXFileReference; lastKnownFileType = sourcecode.swift; path = Vdagent.swift; sourceTree = "<group>"; };
/* End PBXFileReference section */

/* Begin PBXFrameworksBuildPhase section */
		CE03A0872CE90065006884EE /* Frameworks */ = {
			isa = PBXFrameworksBuildPhase;
			buildActionMask = 2147483647;
			files = (
				CE03A0C82CE904D3006884EE /* libgio-2.0.a in Frameworks */,
				CE03A0C92CE904D4006884EE /* libglib-2.0.a in Frameworks */,
				CE03A0CC2CE90506006884EE /* libgobject-2.0.a in Frameworks */,
			);
			runOnlyForDeploymentPostprocessing = 0;
		};
		CE03A0DA2CE90CE8006884EE /* Frameworks */ = {
			isa = PBXFrameworksBuildPhase;
			buildActionMask = 2147483647;
			files = (
				CE03A0ED2CE90D55006884EE /* ArgumentParser in Frameworks */,
				CE03A0EF2CE97931006884EE /* libgio-2.0.a in Frameworks */,
				CE03A0F02CE97933006884EE /* libglib-2.0.a in Frameworks */,
				CE03A0F12CE97936006884EE /* libgobject-2.0.a in Frameworks */,
			);
			runOnlyForDeploymentPostprocessing = 0;
		};
/* End PBXFrameworksBuildPhase section */

/* Begin PBXGroup section */
		CE03A0812CE90065006884EE = {
			isa = PBXGroup;
			children = (
				CE03A0BB2CE900A0006884EE /* src */,
				CE03A0C42CE904C4006884EE /* Frameworks */,
				CE03A08B2CE90065006884EE /* Products */,
			);
			sourceTree = "<group>";
		};
		CE03A08B2CE90065006884EE /* Products */ = {
			isa = PBXGroup;
			children = (
				CE03A08A2CE90065006884EE /* spice-vdagentd */,
				CE03A0DD2CE90CE8006884EE /* spice-vdagent */,
			);
			name = Products;
			sourceTree = "<group>";
		};
		CE03A0B32CE900A0006884EE /* vdagentd */ = {
			isa = PBXGroup;
			children = (
				CE03A0A92CE900A0006884EE /* dummy-session-info.c */,
				CE03A0AA2CE900A0006884EE /* session-info.h */,
				CE03A0AE2CE900A0006884EE /* vdagentd.c */,
				CE03A0AF2CE900A0006884EE /* virtio-port.h */,
				CE03A0B02CE900A0006884EE /* virtio-port.c */,
			);
			path = vdagentd;
			sourceTree = "<group>";
		};
		CE03A0BB2CE900A0006884EE /* src */ = {
			isa = PBXGroup;
			children = (
				CE03A0BF2CE9036C006884EE /* darwin */,
				CE03A0B32CE900A0006884EE /* vdagentd */,
				CE03A0B42CE900A0006884EE /* config.h.in */,
				CE03A0B52CE900A0006884EE /* udscs.h */,
				CE03A0B62CE900A0006884EE /* udscs.c */,
				CE03A0B72CE900A0006884EE /* vdagent-connection.h */,
				CE03A0B82CE900A0006884EE /* vdagent-connection.c */,
				CE03A0B92CE900A0006884EE /* vdagentd-proto.h */,
				CE03A0BA2CE900A0006884EE /* vdagentd-proto-strings.h */,
			);
			path = src;
			sourceTree = "<group>";
		};
		CE03A0BF2CE9036C006884EE /* darwin */ = {
			isa = PBXGroup;
			children = (
				CE03A0E42CE90CFC006884EE /* vdagent.h */,
				CE03A0E52CE90CFC006884EE /* vdagent.c */,
				CE03A0E62CE90CFC006884EE /* Vdagent.swift */,
				CE03A0C12CE903F0006884EE /* include */,
			);
			path = darwin;
			sourceTree = "<group>";
		};
		CE03A0C12CE903F0006884EE /* include */ = {
			isa = PBXGroup;
			children = (
				CE03A0BE2CE9036C006884EE /* config.h */,
			);
			path = include;
			sourceTree = "<group>";
		};
		CE03A0C42CE904C4006884EE /* Frameworks */ = {
			isa = PBXGroup;
			children = (
				CE03A0C52CE904C4006884EE /* libgio-2.0.a */,
				CE03A0C62CE904C4006884EE /* libglib-2.0.a */,
				CE03A0CB2CE904EA006884EE /* libgobject-2.0.a */,
			);
			name = Frameworks;
			sourceTree = "<group>";
		};
/* End PBXGroup section */

/* Begin PBXNativeTarget section */
		CE03A0892CE90065006884EE /* spice-vdagentd */ = {
			isa = PBXNativeTarget;
			buildConfigurationList = CE03A0912CE90065006884EE /* Build configuration list for PBXNativeTarget "spice-vdagentd" */;
			buildPhases = (
				CE03A0862CE90065006884EE /* Sources */,
				CE03A0872CE90065006884EE /* Frameworks */,
				CE03A0882CE90065006884EE /* CopyFiles */,
			);
			buildRules = (
			);
			dependencies = (
			);
			name = "spice-vdagentd";
			packageProductDependencies = (
			);
			productName = vd_agent;
			productReference = CE03A08A2CE90065006884EE /* spice-vdagentd */;
			productType = "com.apple.product-type.tool";
		};
		CE03A0DC2CE90CE8006884EE /* spice-vdagent */ = {
			isa = PBXNativeTarget;
			buildConfigurationList = CE03A0E12CE90CE8006884EE /* Build configuration list for PBXNativeTarget "spice-vdagent" */;
			buildPhases = (
				CE03A0D92CE90CE8006884EE /* Sources */,
				CE03A0DA2CE90CE8006884EE /* Frameworks */,
				CE03A0DB2CE90CE8006884EE /* CopyFiles */,
			);
			buildRules = (
			);
			dependencies = (
			);
			name = "spice-vdagent";
			packageProductDependencies = (
				CE03A0EC2CE90D55006884EE /* ArgumentParser */,
			);
			productName = "spice-vdagent";
			productReference = CE03A0DD2CE90CE8006884EE /* spice-vdagent */;
			productType = "com.apple.product-type.tool";
		};
/* End PBXNativeTarget section */

/* Begin PBXProject section */
		CE03A0822CE90065006884EE /* Project object */ = {
			isa = PBXProject;
			attributes = {
				BuildIndependentTargetsInParallel = 1;
				LastSwiftUpdateCheck = 1600;
				LastUpgradeCheck = 1600;
				TargetAttributes = {
					CE03A0892CE90065006884EE = {
						CreatedOnToolsVersion = 16.0;
					};
					CE03A0DC2CE90CE8006884EE = {
						CreatedOnToolsVersion = 16.0;
						LastSwiftMigration = 1600;
					};
				};
			};
			buildConfigurationList = CE03A0852CE90065006884EE /* Build configuration list for PBXProject "vd_agent" */;
			developmentRegion = en;
			hasScannedForEncodings = 0;
			knownRegions = (
				en,
				Base,
			);
			mainGroup = CE03A0812CE90065006884EE;
			minimizedProjectReferenceProxies = 1;
			packageReferences = (
				CE03A0EB2CE90D55006884EE /* XCRemoteSwiftPackageReference "swift-argument-parser" */,
			);
			preferredProjectObjectVersion = 77;
			productRefGroup = CE03A08B2CE90065006884EE /* Products */;
			projectDirPath = "";
			projectRoot = "";
			targets = (
				CE03A0892CE90065006884EE /* spice-vdagentd */,
				CE03A0DC2CE90CE8006884EE /* spice-vdagent */,
			);
		};
/* End PBXProject section */

/* Begin PBXSourcesBuildPhase section */
		CE03A0862CE90065006884EE /* Sources */ = {
			isa = PBXSourcesBuildPhase;
			buildActionMask = 2147483647;
			files = (
				CE03A0BC2CE9012D006884EE /* udscs.c in Sources */,
				CE03A0C22CE90428006884EE /* virtio-port.c in Sources */,
				CE03A0C32CE90428006884EE /* vdagentd.c in Sources */,
				CE03A0BD2CE9012D006884EE /* vdagent-connection.c in Sources */,
				CE03A0C02CE9039B006884EE /* dummy-session-info.c in Sources */,
			);
			runOnlyForDeploymentPostprocessing = 0;
		};
		CE03A0D92CE90CE8006884EE /* Sources */ = {
			isa = PBXSourcesBuildPhase;
			buildActionMask = 2147483647;
			files = (
				CE03A0EA2CE90D38006884EE /* udscs.c in Sources */,
				CE03A0E72CE90CFC006884EE /* Vdagent.swift in Sources */,
				CE03A0E82CE90CFC006884EE /* vdagent.c in Sources */,
				CE03A0EE2CE97927006884EE /* vdagent-connection.c in Sources */,
			);
			runOnlyForDeploymentPostprocessing = 0;
		};
/* End PBXSourcesBuildPhase section */

/* Begin XCBuildConfiguration section */
		CE03A08F2CE90065006884EE /* Debug */ = {
			isa = XCBuildConfiguration;
			buildSettings = {
				ALWAYS_SEARCH_USER_PATHS = NO;
				ASSETCATALOG_COMPILER_GENERATE_SWIFT_ASSET_SYMBOL_EXTENSIONS = YES;
				CLANG_ANALYZER_NONNULL = YES;
				CLANG_ANALYZER_NUMBER_OBJECT_CONVERSION = YES_AGGRESSIVE;
				CLANG_CXX_LANGUAGE_STANDARD = "gnu++20";
				CLANG_ENABLE_MODULES = YES;
				CLANG_ENABLE_OBJC_ARC = YES;
				CLANG_ENABLE_OBJC_WEAK = YES;
				CLANG_WARN_BLOCK_CAPTURE_AUTORELEASING = YES;
				CLANG_WARN_BOOL_CONVERSION = YES;
				CLANG_WARN_COMMA = YES;
				CLANG_WARN_CONSTANT_CONVERSION = YES;
				CLANG_WARN_DEPRECATED_OBJC_IMPLEMENTATIONS = YES;
				CLANG_WARN_DIRECT_OBJC_ISA_USAGE = YES_ERROR;
				CLANG_WARN_DOCUMENTATION_COMMENTS = YES;
				CLANG_WARN_EMPTY_BODY = YES;
				CLANG_WARN_ENUM_CONVERSION = YES;
				CLANG_WARN_INFINITE_RECURSION = YES;
				CLANG_WARN_INT_CONVERSION = YES;
				CLANG_WARN_NON_LITERAL_NULL_CONVERSION = YES;
				CLANG_WARN_OBJC_IMPLICIT_RETAIN_SELF = YES;
				CLANG_WARN_OBJC_LITERAL_CONVERSION = YES;
				CLANG_WARN_OBJC_ROOT_CLASS = YES_ERROR;
				CLANG_WARN_QUOTED_INCLUDE_IN_FRAMEWORK_HEADER = YES;
				CLANG_WARN_RANGE_LOOP_ANALYSIS = YES;
				CLANG_WARN_STRICT_PROTOTYPES = YES;
				CLANG_WARN_SUSPICIOUS_MOVE = YES;
				CLANG_WARN_UNGUARDED_AVAILABILITY = YES_AGGRESSIVE;
				CLANG_WARN_UNREACHABLE_CODE = YES;
				CLANG_WARN__DUPLICATE_METHOD_MATCH = YES;
				COPY_PHASE_STRIP = NO;
				DEBUG_INFORMATION_FORMAT = dwarf;
				ENABLE_STRICT_OBJC_MSGSEND = YES;
				ENABLE_TESTABILITY = YES;
				ENABLE_USER_SCRIPT_SANDBOXING = YES;
				GCC_C_LANGUAGE_STANDARD = gnu17;
				GCC_DYNAMIC_NO_PIC = NO;
				GCC_NO_COMMON_BLOCKS = YES;
				GCC_OPTIMIZATION_LEVEL = 0;
				GCC_PREPROCESSOR_DEFINITIONS = (
					"DEBUG=1",
					"$(inherited)",
				);
				GCC_WARN_64_TO_32_BIT_CONVERSION = YES;
				GCC_WARN_ABOUT_RETURN_TYPE = YES_ERROR;
				GCC_WARN_UNDECLARED_SELECTOR = YES;
				GCC_WARN_UNINITIALIZED_AUTOS = YES_AGGRESSIVE;
				GCC_WARN_UNUSED_FUNCTION = YES;
				GCC_WARN_UNUSED_VARIABLE = YES;
				HEADER_SEARCH_PATHS = (
					"$(PROJECT_DIR)/External/include",
					"$(PROJECT_DIR)/src/darwin/include",
					"/opt/homebrew/include/glib-2.0",
					"/opt/homebrew/include/gio-unix-2.0",
					"/opt/homebrew/lib/glib-2.0/include",
				);
				LIBRARY_SEARCH_PATHS = (
					"$(inherited)",
					/opt/homebrew/lib,
				);
				LOCALIZATION_PREFERS_STRING_CATALOGS = YES;
				MACOSX_DEPLOYMENT_TARGET = 15.0;
				MTL_ENABLE_DEBUG_INFO = INCLUDE_SOURCE;
				MTL_FAST_MATH = YES;
				ONLY_ACTIVE_ARCH = YES;
				SDKROOT = macosx;
			};
			name = Debug;
		};
		CE03A0902CE90065006884EE /* Release */ = {
			isa = XCBuildConfiguration;
			buildSettings = {
				ALWAYS_SEARCH_USER_PATHS = NO;
				ASSETCATALOG_COMPILER_GENERATE_SWIFT_ASSET_SYMBOL_EXTENSIONS = YES;
				CLANG_ANALYZER_NONNULL = YES;
				CLANG_ANALYZER_NUMBER_OBJECT_CONVERSION = YES_AGGRESSIVE;
				CLANG_CXX_LANGUAGE_STANDARD = "gnu++20";
				CLANG_ENABLE_MODULES = YES;
				CLANG_ENABLE_OBJC_ARC = YES;
				CLANG_ENABLE_OBJC_WEAK = YES;
				CLANG_WARN_BLOCK_CAPTURE_AUTORELEASING = YES;
				CLANG_WARN_BOOL_CONVERSION = YES;
				CLANG_WARN_COMMA = YES;
				CLANG_WARN_CONSTANT_CONVERSION = YES;
				CLANG_WARN_DEPRECATED_OBJC_IMPLEMENTATIONS = YES;
				CLANG_WARN_DIRECT_OBJC_ISA_USAGE = YES_ERROR;
				CLANG_WARN_DOCUMENTATION_COMMENTS = YES;
				CLANG_WARN_EMPTY_BODY = YES;
				CLANG_WARN_ENUM_CONVERSION = YES;
				CLANG_WARN_INFINITE_RECURSION = YES;
				CLANG_WARN_INT_CONVERSION = YES;
				CLANG_WARN_NON_LITERAL_NULL_CONVERSION = YES;
				CLANG_WARN_OBJC_IMPLICIT_RETAIN_SELF = YES;
				CLANG_WARN_OBJC_LITERAL_CONVERSION = YES;
				CLANG_WARN_OBJC_ROOT_CLASS = YES_ERROR;
				CLANG_WARN_QUOTED_INCLUDE_IN_FRAMEWORK_HEADER = YES;
				CLANG_WARN_RANGE_LOOP_ANALYSIS = YES;
				CLANG_WARN_STRICT_PROTOTYPES = YES;
				CLANG_WARN_SUSPICIOUS_MOVE = YES;
				CLANG_WARN_UNGUARDED_AVAILABILITY = YES_AGGRESSIVE;
				CLANG_WARN_UNREACHABLE_CODE = YES;
				CLANG_WARN__DUPLICATE_METHOD_MATCH = YES;
				COPY_PHASE_STRIP = NO;
				DEBUG_INFORMATION_FORMAT = "dwarf-with-dsym";
				ENABLE_NS_ASSERTIONS = NO;
				ENABLE_STRICT_OBJC_MSGSEND = YES;
				ENABLE_USER_SCRIPT_SANDBOXING = YES;
				GCC_C_LANGUAGE_STANDARD = gnu17;
				GCC_NO_COMMON_BLOCKS = YES;
				GCC_WARN_64_TO_32_BIT_CONVERSION = YES;
				GCC_WARN_ABOUT_RETURN_TYPE = YES_ERROR;
				GCC_WARN_UNDECLARED_SELECTOR = YES;
				GCC_WARN_UNINITIALIZED_AUTOS = YES_AGGRESSIVE;
				GCC_WARN_UNUSED_FUNCTION = YES;
				GCC_WARN_UNUSED_VARIABLE = YES;
				HEADER_SEARCH_PATHS = (
					"$(PROJECT_DIR)/External/include",
					"$(PROJECT_DIR)/src/darwin/include",
					"/opt/homebrew/include/glib-2.0",
					"/opt/homebrew/include/gio-unix-2.0",
					"/opt/homebrew/lib/glib-2.0/include",
				);
				LIBRARY_SEARCH_PATHS = (
					"$(inherited)",
					/opt/homebrew/lib,
				);
				LOCALIZATION_PREFERS_STRING_CATALOGS = YES;
				MACOSX_DEPLOYMENT_TARGET = 15.0;
				MTL_ENABLE_DEBUG_INFO = NO;
				MTL_FAST_MATH = YES;
				SDKROOT = macosx;
			};
			name = Release;
		};
		CE03A0922CE90065006884EE /* Debug */ = {
			isa = XCBuildConfiguration;
			buildSettings = {
				CODE_SIGN_STYLE = Automatic;
				LIBRARY_SEARCH_PATHS = "$(inherited)";
				PRODUCT_NAME = "$(TARGET_NAME)";
			};
			name = Debug;
		};
		CE03A0932CE90065006884EE /* Release */ = {
			isa = XCBuildConfiguration;
			buildSettings = {
				CODE_SIGN_STYLE = Automatic;
				LIBRARY_SEARCH_PATHS = "$(inherited)";
				PRODUCT_NAME = "$(TARGET_NAME)";
			};
			name = Release;
		};
		CE03A0E22CE90CE8006884EE /* Debug */ = {
			isa = XCBuildConfiguration;
			buildSettings = {
				CLANG_ENABLE_MODULES = YES;
				CODE_SIGN_STYLE = Automatic;
				PRODUCT_NAME = "$(TARGET_NAME)";
				SWIFT_ACTIVE_COMPILATION_CONDITIONS = "DEBUG $(inherited)";
				SWIFT_OBJC_BRIDGING_HEADER = src/darwin/vdagent.h;
				SWIFT_OPTIMIZATION_LEVEL = "-Onone";
				SWIFT_VERSION = 5.0;
			};
			name = Debug;
		};
		CE03A0E32CE90CE8006884EE /* Release */ = {
			isa = XCBuildConfiguration;
			buildSettings = {
				CLANG_ENABLE_MODULES = YES;
				CODE_SIGN_STYLE = Automatic;
				PRODUCT_NAME = "$(TARGET_NAME)";
				SWIFT_COMPILATION_MODE = wholemodule;
				SWIFT_OBJC_BRIDGING_HEADER = src/darwin/vdagent.h;
				SWIFT_VERSION = 5.0;
			};
			name = Release;
		};
/* End XCBuildConfiguration section */

/* Begin XCConfigurationList section */
		CE03A0852CE90065006884EE /* Build configuration list for PBXProject "vd_agent" */ = {
			isa = XCConfigurationList;
			buildConfigurations = (
				CE03A08F2CE90065006884EE /* Debug */,
				CE03A0902CE90065006884EE /* Release */,
			);
			defaultConfigurationIsVisible = 0;
			defaultConfigurationName = Release;
		};
		CE03A0912CE90065006884EE /* Build configuration list for PBXNativeTarget "spice-vdagentd" */ = {
			isa = XCConfigurationList;
			buildConfigurations = (
				CE03A0922CE90065006884EE /* Debug */,
				CE03A0932CE90065006884EE /* Release */,
			);
			defaultConfigurationIsVisible = 0;
			defaultConfigurationName = Release;
		};
		CE03A0E12CE90CE8006884EE /* Build configuration list for PBXNativeTarget "spice-vdagent" */ = {
			isa = XCConfigurationList;
			buildConfigurations = (
				CE03A0E22CE90CE8006884EE /* Debug */,
				CE03A0E32CE90CE8006884EE /* Release */,
			);
			defaultConfigurationIsVisible = 0;
			defaultConfigurationName = Release;
		};
/* End XCConfigurationList section */

/* Begin XCRemoteSwiftPackageReference section */
		CE03A0EB2CE90D55006884EE /* XCRemoteSwiftPackageReference "swift-argument-parser" */ = {
			isa = XCRemoteSwiftPackageReference;
			repositoryURL = "https://github.com/apple/swift-argument-parser.git";
			requirement = {
				kind = upToNextMajorVersion;
				minimumVersion = 1.5.0;
			};
		};
/* End XCRemoteSwiftPackageReference section */

/* Begin XCSwiftPackageProductDependency section */
		CE03A0EC2CE90D55006884EE /* ArgumentParser */ = {
			isa = XCSwiftPackageProductDependency;
			package = CE03A0EB2CE90D55006884EE /* XCRemoteSwiftPackageReference "swift-argument-parser" */;
			productName = ArgumentParser;
		};
/* End XCSwiftPackageProductDependency section */
	};
	rootObject = CE03A0822CE90065006884EE /* Project object */;
}
